
Microsoft Visual Studio Solution File, Format Version 12.00
# Visual Studio Version 16
VisualStudioVersion = 16.0.29318.209
MinimumVisualStudioVersion = 10.0.40219.1
Project("{FAE04EC0-301F-11D3-BF4B-00C04F79EFBC}") = "WebApplication3", "WebApplication3\WebApplication3.csproj", "{FE8AB830-C23B-4696-8E36-3F1F6E3D846B}"
EndProject
Global
	GlobalSection(SolutionConfigurationPlatforms) = preSolution
		Debug|Any CPU = Debug|Any CPU
		Release|Any CPU = Release|Any CPU
	EndGlobalSection
	GlobalSection(ProjectConfigurationPlatforms) = postSolution
		{FE8AB830-C23B-4696-8E36-3F1F6E3D846B}.Debug|Any CPU.ActiveCfg = Debug|Any CPU
		{FE8AB830-C23B-4696-8E36-3F1F6E3D846B}.Debug|Any CPU.Build.0 = Debug|Any CPU
		{FE8AB830-C23B-4696-8E36-3F1F6E3D846B}.Release|Any CPU.ActiveCfg = Release|Any CPU
		{FE8AB830-C23B-4696-8E36-3F1F6E3D846B}.Release|Any CPU.Build.0 = Release|Any CPU
	EndGlobalSection
	GlobalSection(SolutionProperties) = preSolution
		HideSolutionNode = FALSE
	EndGlobalSection
	GlobalSection(ExtensibilityGlobals) = postSolution
		SolutionGuid = {177DD126-E5DB-4526-8598-3D077B567C50}
	EndGlobalSection
EndGlobal
